
Microsoft Visual Studio Solution File, Format Version 12.00
# Visual Studio 14
VisualStudioVersion = 14.0.25420.1
MinimumVisualStudioVersion = 10.0.40219.1
Project("{FAE04EC0-301F-11D3-BF4B-00C04F79EFBC}") = "BDJBatch18.POS", "BDJBatch18.POS\BDJBatch18.POS.csproj", "{87E059EC-74CB-4A3E-99C2-55AA56CCDCCA}"
EndProject
Global
	GlobalSection(SolutionConfigurationPlatforms) = preSolution
		Debug|Any CPU = Debug|Any CPU
		Release|Any CPU = Release|Any CPU
	EndGlobalSection
	GlobalSection(ProjectConfigurationPlatforms) = postSolution
		{87E059EC-74CB-4A3E-99C2-55AA56CCDCCA}.Debug|Any CPU.ActiveCfg = Debug|Any CPU
		{87E059EC-74CB-4A3E-99C2-55AA56CCDCCA}.Debug|Any CPU.Build.0 = Debug|Any CPU
		{87E059EC-74CB-4A3E-99C2-55AA56CCDCCA}.Release|Any CPU.ActiveCfg = Release|Any CPU
		{87E059EC-74CB-4A3E-99C2-55AA56CCDCCA}.Release|Any CPU.Build.0 = Release|Any CPU
	EndGlobalSection
	GlobalSection(SolutionProperties) = preSolution
		HideSolutionNode = FALSE
	EndGlobalSection
EndGlobal
